{
  "name": "typewriter-document",
  "version": "0.6.45",
  "lockfileVersion": 2,
  "requires": true,
  "packages": {
    "": {
      "name": "typewriter-document",
      "version": "0.6.45",
      "license": "MIT",
      "dependencies": {
        "fast-diff": "^1.2.0"
      },
      "devDependencies": {
        "@types/fast-diff": "^1.2.0",
        "typescript": "^4.5.5"
      }
    },
    "node_modules/@types/fast-diff": {
      "version": "1.2.0",
      "resolved": "https://registry.npmjs.org/@types/fast-diff/-/fast-diff-1.2.0.tgz",
      "integrity": "sha512-JCEpN07uhCp9kIqtxunifE7CxybIsv49XmGPQ39beuhSBYXmgoB1Xh+fFTIQ0ZW78rt8Uer/5zu8nsrKXmGdJQ==",
      "deprecated": "This is a stub types definition. fast-diff provides its own type definitions, so you do not need this installed.",
      "dev": true,
      "dependencies": {
        "fast-diff": "*"
      }
    },
    "node_modules/fast-diff": {
      "version": "1.2.0",
      "resolved": "https://registry.npmjs.org/fast-diff/-/fast-diff-1.2.0.tgz",
      "integrity": "sha512-xJuoT5+L99XlZ8twedaRf6Ax2TgQVxvgZOYoPKqZufmJib0tL2tegPBOZb1pVNgIhlqDlA0eO0c3wBvQcmzx4w=="
    },
    "node_modules/typescript": {
      "version": "4.5.5",
      "resolved": "https://registry.npmjs.org/typescript/-/typescript-4.5.5.tgz",
      "integrity": "sha512-TCTIul70LyWe6IJWT8QSYeA54WQe8EjQFU4wY52Fasj5UKx88LNYKCgBEHcOMOrFF1rKGbD8v/xcNWVUq9SymA==",
      "dev": true,
      "bin": {
        "tsc": "bin/tsc",
        "tsserver": "bin/tsserver"
      },
      "engines": {
        "node": ">=4.2.0"
      }
    }
  },
  "dependencies": {
    "@types/fast-diff": {
      "version": "1.2.0",
      "resolved": "https://registry.npmjs.org/@types/fast-diff/-/fast-diff-1.2.0.tgz",
      "integrity": "sha512-JCEpN07uhCp9kIqtxunifE7CxybIsv49XmGPQ39beuhSBYXmgoB1Xh+fFTIQ0ZW78rt8Uer/5zu8nsrKXmGdJQ==",
      "dev": true,
      "requires": {
        "fast-diff": "*"
      }
    },
    "fast-diff": {
      "version": "1.2.0",
      "resolved": "https://registry.npmjs.org/fast-diff/-/fast-diff-1.2.0.tgz",
      "integrity": "sha512-xJuoT5+L99XlZ8twedaRf6Ax2TgQVxvgZOYoPKqZufmJib0tL2tegPBOZb1pVNgIhlqDlA0eO0c3wBvQcmzx4w=="
    },
    "typescript": {
      "version": "4.5.5",
      "resolved": "https://registry.npmjs.org/typescript/-/typescript-4.5.5.tgz",
      "integrity": "sha512-TCTIul70LyWe6IJWT8QSYeA54WQe8EjQFU4wY52Fasj5UKx88LNYKCgBEHcOMOrFF1rKGbD8v/xcNWVUq9SymA==",
      "dev": true
    }
  }
}
